
Microsoft Visual Studio Solution File, Format Version 12.00
# Visual Studio Version 17
VisualStudioVersion = 17.9.34728.123
MinimumVisualStudioVersion = 10.0.40219.1
Project("{8BC9CEB8-8B4A-11D0-8D11-00A0C91BC942}") = "pract1_BatuhtinM", "pract1_BatuhtinM\pract1_BatuhtinM.vcxproj", "{4F851CAC-B093-46EE-B213-C5E0BC6EC7BF}"
EndProject
Global
	GlobalSection(SolutionConfigurationPlatforms) = preSolution
		Debug|x64 = Debug|x64
		Debug|x86 = Debug|x86
		Release|x64 = Release|x64
		Release|x86 = Release|x86
	EndGlobalSection
	GlobalSection(ProjectConfigurationPlatforms) = postSolution
		{4F851CAC-B093-46EE-B213-C5E0BC6EC7BF}.Debug|x64.ActiveCfg = Debug|x64
		{4F851CAC-B093-46EE-B213-C5E0BC6EC7BF}.Debug|x64.Build.0 = Debug|x64
		{4F851CAC-B093-46EE-B213-C5E0BC6EC7BF}.Debug|x86.ActiveCfg = Debug|Win32
		{4F851CAC-B093-46EE-B213-C5E0BC6EC7BF}.Debug|x86.Build.0 = Debug|Win32
		{4F851CAC-B093-46EE-B213-C5E0BC6EC7BF}.Release|x64.ActiveCfg = Release|x64
		{4F851CAC-B093-46EE-B213-C5E0BC6EC7BF}.Release|x64.Build.0 = Release|x64
		{4F851CAC-B093-46EE-B213-C5E0BC6EC7BF}.Release|x86.ActiveCfg = Release|Win32
		{4F851CAC-B093-46EE-B213-C5E0BC6EC7BF}.Release|x86.Build.0 = Release|Win32
	EndGlobalSection
	GlobalSection(SolutionProperties) = preSolution
		HideSolutionNode = FALSE
	EndGlobalSection
	GlobalSection(ExtensibilityGlobals) = postSolution
		SolutionGuid = {E61E0C10-F552-45F0-94F9-468B96C22512}
	EndGlobalSection
EndGlobal
